
Microsoft Visual Studio Solution File, Format Version 12.00
# Visual Studio Version 17
VisualStudioVersion = 17.6.33829.357
MinimumVisualStudioVersion = 10.0.40219.1
Project("{FAE04EC0-301F-11D3-BF4B-00C04F79EFBC}") = "CSharp_Bai14", "CSharp_Bai14.csproj", "{5646CC07-F096-469C-9020-D27498BA798E}"
EndProject
Global
	GlobalSection(SolutionConfigurationPlatforms) = preSolution
		Debug|Any CPU = Debug|Any CPU
		Release|Any CPU = Release|Any CPU
	EndGlobalSection
	GlobalSection(ProjectConfigurationPlatforms) = postSolution
		{5646CC07-F096-469C-9020-D27498BA798E}.Debug|Any CPU.ActiveCfg = Debug|Any CPU
		{5646CC07-F096-469C-9020-D27498BA798E}.Debug|Any CPU.Build.0 = Debug|Any CPU
		{5646CC07-F096-469C-9020-D27498BA798E}.Release|Any CPU.ActiveCfg = Release|Any CPU
		{5646CC07-F096-469C-9020-D27498BA798E}.Release|Any CPU.Build.0 = Release|Any CPU
	EndGlobalSection
	GlobalSection(SolutionProperties) = preSolution
		HideSolutionNode = FALSE
	EndGlobalSection
	GlobalSection(ExtensibilityGlobals) = postSolution
		SolutionGuid = {38EB2956-D41C-451C-B2AE-AC9D00E8D40B}
	EndGlobalSection
EndGlobal
